
Microsoft Visual Studio Solution File, Format Version 12.00
# Visual Studio Version 17
VisualStudioVersion = 17.2.32602.215
MinimumVisualStudioVersion = 10.0.40219.1
Project("{FAE04EC0-301F-11D3-BF4B-00C04F79EFBC}") = "TestProjectWithReflection", "TestProjectWithReflection.csproj", "{21AE67BF-5582-4FE5-8CF6-D1AD78963576}"
EndProject
Global
	GlobalSection(SolutionConfigurationPlatforms) = preSolution
		Debug|Any CPU = Debug|Any CPU
		Release|Any CPU = Release|Any CPU
	EndGlobalSection
	GlobalSection(ProjectConfigurationPlatforms) = postSolution
		{21AE67BF-5582-4FE5-8CF6-D1AD78963576}.Debug|Any CPU.ActiveCfg = Debug|Any CPU
		{21AE67BF-5582-4FE5-8CF6-D1AD78963576}.Debug|Any CPU.Build.0 = Debug|Any CPU
		{21AE67BF-5582-4FE5-8CF6-D1AD78963576}.Release|Any CPU.ActiveCfg = Release|Any CPU
		{21AE67BF-5582-4FE5-8CF6-D1AD78963576}.Release|Any CPU.Build.0 = Release|Any CPU
	EndGlobalSection
	GlobalSection(SolutionProperties) = preSolution
		HideSolutionNode = FALSE
	EndGlobalSection
	GlobalSection(ExtensibilityGlobals) = postSolution
		SolutionGuid = {4219C3ED-C64E-491B-8CAA-23C13ECB3EB9}
	EndGlobalSection
EndGlobal
